
Microsoft Visual Studio Solution File, Format Version 12.00
# Visual Studio Version 17
VisualStudioVersion = 17.2.32616.157
MinimumVisualStudioVersion = 10.0.40219.1
Project("{9A19103F-16F7-4668-BE54-9A1E7A4F7556}") = "prefinalentrega1", "prefinalentrega1.csproj", "{207C4B30-C54C-48AD-A5A7-081FBDD0DFE5}"
EndProject
Global
	GlobalSection(SolutionConfigurationPlatforms) = preSolution
		Debug|Any CPU = Debug|Any CPU
		Release|Any CPU = Release|Any CPU
	EndGlobalSection
	GlobalSection(ProjectConfigurationPlatforms) = postSolution
		{207C4B30-C54C-48AD-A5A7-081FBDD0DFE5}.Debug|Any CPU.ActiveCfg = Debug|Any CPU
		{207C4B30-C54C-48AD-A5A7-081FBDD0DFE5}.Debug|Any CPU.Build.0 = Debug|Any CPU
		{207C4B30-C54C-48AD-A5A7-081FBDD0DFE5}.Release|Any CPU.ActiveCfg = Release|Any CPU
		{207C4B30-C54C-48AD-A5A7-081FBDD0DFE5}.Release|Any CPU.Build.0 = Release|Any CPU
	EndGlobalSection
	GlobalSection(SolutionProperties) = preSolution
		HideSolutionNode = FALSE
	EndGlobalSection
	GlobalSection(ExtensibilityGlobals) = postSolution
		SolutionGuid = {06105BED-C9FA-4263-A17B-83914813D9D1}
	EndGlobalSection
EndGlobal
